// !$*UTF8*$!
{
	archiveVersion = 1;
	classes = {
	};
	objectVersion = 46;
	objects = {

/* Begin PBXBuildFile section */
		E040ED3D1E9DD67200ABBF23 /* AppDelegate.swift in Sources */ = {isa = PBXBuildFile; fileRef = E040ED3C1E9DD67200ABBF23 /* AppDelegate.swift */; };
		E040ED3F1E9DD67200ABBF23 /* ViewController.swift in Sources */ = {isa = PBXBuildFile; fileRef = E040ED3E1E9DD67200ABBF23 /* ViewController.swift */; };
		E040ED421E9DD67200ABBF23 /* Main.storyboard in Resources */ = {isa = PBXBuildFile; fileRef = E040ED401E9DD67200ABBF23 /* Main.storyboard */; };
		E040ED441E9DD67200ABBF23 /* Assets.xcassets in Resources */ = {isa = PBXBuildFile; fileRef = E040ED431E9DD67200ABBF23 /* Assets.xcassets */; };
		E040ED471E9DD67200ABBF23 /* LaunchScreen.storyboard in Resources */ = {isa = PBXBuildFile; fileRef = E040ED451E9DD67200ABBF23 /* LaunchScreen.storyboard */; };
		E040ED521E9DD67200ABBF23 /* AlamofireBoxueTests.swift in Sources */ = {isa = PBXBuildFile; fileRef = E040ED511E9DD67200ABBF23 /* AlamofireBoxueTests.swift */; };
		E040ED5D1E9DD67200ABBF23 /* AlamofireBoxueUITests.swift in Sources */ = {isa = PBXBuildFile; fileRef = E040ED5C1E9DD67200ABBF23 /* AlamofireBoxueUITests.swift */; };
/* End PBXBuildFile section */

/* Begin PBXContainerItemProxy section */
		E040ED4E1E9DD67200ABBF23 /* PBXContainerItemProxy */ = {
			isa = PBXContainerItemProxy;
			containerPortal = E040ED311E9DD67200ABBF23 /* Project object */;
			proxyType = 1;
			remoteGlobalIDString = E040ED381E9DD67200ABBF23;
			remoteInfo = AlamofireBoxue;
		};
		E040ED591E9DD67200ABBF23 /* PBXContainerItemProxy */ = {
			isa = PBXContainerItemProxy;
			containerPortal = E040ED311E9DD67200ABBF23 /* Project object */;
			proxyType = 1;
			remoteGlobalIDString = E040ED381E9DD67200ABBF23;
			remoteInfo = AlamofireBoxue;
		};
/* End PBXContainerItemProxy section */

/* Begin PBXFileReference section */
		E040ED391E9DD67200ABBF23 /* AlamofireBoxue.app */ = {isa = PBXFileReference; explicitFileType = wrapper.application; includeInIndex = 0; path = AlamofireBoxue.app; sourceTree = BUILT_PRODUCTS_DIR; };
		E040ED3C1E9DD67200ABBF23 /* AppDelegate.swift */ = {isa = PBXFileReference; lastKnownFileType = sourcecode.swift; path = AppDelegate.swift; sourceTree = "<group>"; };
		E040ED3E1E9DD67200ABBF23 /* ViewController.swift */ = {isa = PBXFileReference; lastKnownFileType = sourcecode.swift; path = ViewController.swift; sourceTree = "<group>"; };
		E040ED411E9DD67200ABBF23 /* Base */ = {isa = PBXFileReference; lastKnownFileType = file.storyboard; name = Base; path = Base.lproj/Main.storyboard; sourceTree = "<group>"; };
		E040ED431E9DD67200ABBF23 /* Assets.xcassets */ = {isa = PBXFileReference; lastKnownFileType = folder.assetcatalog; path = Assets.xcassets; sourceTree = "<group>"; };
		E040ED461E9DD67200ABBF23 /* Base */ = {isa = PBXFileReference; lastKnownFileType = file.storyboard; name = Base; path = Base.lproj/LaunchScreen.storyboard; sourceTree = "<group>"; };
		E040ED481E9DD67200ABBF23 /* Info.plist */ = {isa = PBXFileReference; lastKnownFileType = text.plist.xml; path = Info.plist; sourceTree = "<group>"; };
		E040ED4D1E9DD67200ABBF23 /* AlamofireBoxueTests.xctest */ = {isa = PBXFileReference; explicitFileType = wrapper.cfbundle; includeInIndex = 0; path = AlamofireBoxueTests.xctest; sourceTree = BUILT_PRODUCTS_DIR; };
		E040ED511E9DD67200ABBF23 /* AlamofireBoxueTests.swift */ = {isa = PBXFileReference; lastKnownFileType = sourcecode.swift; path = AlamofireBoxueTests.swift; sourceTree = "<group>"; };
		E040ED531E9DD67200ABBF23 /* Info.plist */ = {isa = PBXFileReference; lastKnownFileType = text.plist.xml; path = Info.plist; sourceTree = "<group>"; };
		E040ED581E9DD67200ABBF23 /* AlamofireBoxueUITests.xctest */ = {isa = PBXFileReference; explicitFileType = wrapper.cfbundle; includeInIndex = 0; path = AlamofireBoxueUITests.xctest; sourceTree = BUILT_PRODUCTS_DIR; };
		E040ED5C1E9DD67200ABBF23 /* AlamofireBoxueUITests.swift */ = {isa = PBXFileReference; lastKnownFileType = sourcecode.swift; path = AlamofireBoxueUITests.swift; sourceTree = "<group>"; };
		E040ED5E1E9DD67200ABBF23 /* Info.plist */ = {isa = PBXFileReference; lastKnownFileType = text.plist.xml; path = Info.plist; sourceTree = "<group>"; };
/* End PBXFileReference section */

/* Begin PBXFrameworksBuildPhase section */
		E040ED361E9DD67200ABBF23 /* Frameworks */ = {
			isa = PBXFrameworksBuildPhase;
			buildActionMask = 2147483647;
			files = (
			);
			runOnlyForDeploymentPostprocessing = 0;
		};
		E040ED4A1E9DD67200ABBF23 /* Frameworks */ = {
			isa = PBXFrameworksBuildPhase;
			buildActionMask = 2147483647;
			files = (
			);
			runOnlyForDeploymentPostprocessing = 0;
		};
		E040ED551E9DD67200ABBF23 /* Frameworks */ = {
			isa = PBXFrameworksBuildPhase;
			buildActionMask = 2147483647;
			files = (
			);
			runOnlyForDeploymentPostprocessing = 0;
		};
/* End PBXFrameworksBuildPhase section */

/* Begin PBXGroup section */
		E040ED301E9DD67200ABBF23 = {
			isa = PBXGroup;
			children = (
				E040ED3B1E9DD67200ABBF23 /* AlamofireBoxue */,
				E040ED501E9DD67200ABBF23 /* AlamofireBoxueTests */,
				E040ED5B1E9DD67200ABBF23 /* AlamofireBoxueUITests */,
				E040ED3A1E9DD67200ABBF23 /* Products */,
			);
			sourceTree = "<group>";
		};
		E040ED3A1E9DD67200ABBF23 /* Products */ = {
			isa = PBXGroup;
			children = (
				E040ED391E9DD67200ABBF23 /* AlamofireBoxue.app */,
				E040ED4D1E9DD67200ABBF23 /* AlamofireBoxueTests.xctest */,
				E040ED581E9DD67200ABBF23 /* AlamofireBoxueUITests.xctest */,
			);
			name = Products;
			sourceTree = "<group>";
		};
		E040ED3B1E9DD67200ABBF23 /* AlamofireBoxue */ = {
			isa = PBXGroup;
			children = (
				E040ED3C1E9DD67200ABBF23 /* AppDelegate.swift */,
				E040ED3E1E9DD67200ABBF23 /* ViewController.swift */,
				E040ED401E9DD67200ABBF23 /* Main.storyboard */,
				E040ED431E9DD67200ABBF23 /* Assets.xcassets */,
				E040ED451E9DD67200ABBF23 /* LaunchScreen.storyboard */,
				E040ED481E9DD67200ABBF23 /* Info.plist */,
			);
			path = AlamofireBoxue;
			sourceTree = "<group>";
		};
		E040ED501E9DD67200ABBF23 /* AlamofireBoxueTests */ = {
			isa = PBXGroup;
			children = (
				E040ED511E9DD67200ABBF23 /* AlamofireBoxueTests.swift */,
				E040ED531E9DD67200ABBF23 /* Info.plist */,
			);
			path = AlamofireBoxueTests;
			sourceTree = "<group>";
		};
		E040ED5B1E9DD67200ABBF23 /* AlamofireBoxueUITests */ = {
			isa = PBXGroup;
			children = (
				E040ED5C1E9DD67200ABBF23 /* AlamofireBoxueUITests.swift */,
				E040ED5E1E9DD67200ABBF23 /* Info.plist */,
			);
			path = AlamofireBoxueUITests;
			sourceTree = "<group>";
		};
/* End PBXGroup section */

/* Begin PBXNativeTarget section */
		E040ED381E9DD67200ABBF23 /* AlamofireBoxue */ = {
			isa = PBXNativeTarget;
			buildConfigurationList = E040ED611E9DD67200ABBF23 /* Build configuration list for PBXNativeTarget "AlamofireBoxue" */;
			buildPhases = (
				E040ED351E9DD67200ABBF23 /* Sources */,
				E040ED361E9DD67200ABBF23 /* Frameworks */,
				E040ED371E9DD67200ABBF23 /* Resources */,
			);
			buildRules = (
			);
			dependencies = (
			);
			name = AlamofireBoxue;
			productName = AlamofireBoxue;
			productReference = E040ED391E9DD67200ABBF23 /* AlamofireBoxue.app */;
			productType = "com.apple.product-type.application";
		};
		E040ED4C1E9DD67200ABBF23 /* AlamofireBoxueTests */ = {
			isa = PBXNativeTarget;
			buildConfigurationList = E040ED641E9DD67200ABBF23 /* Build configuration list for PBXNativeTarget "AlamofireBoxueTests" */;
			buildPhases = (
				E040ED491E9DD67200ABBF23 /* Sources */,
				E040ED4A1E9DD67200ABBF23 /* Frameworks */,
				E040ED4B1E9DD67200ABBF23 /* Resources */,
			);
			buildRules = (
			);
			dependencies = (
				E040ED4F1E9DD67200ABBF23 /* PBXTargetDependency */,
			);
			name = AlamofireBoxueTests;
			productName = AlamofireBoxueTests;
			productReference = E040ED4D1E9DD67200ABBF23 /* AlamofireBoxueTests.xctest */;
			productType = "com.apple.product-type.bundle.unit-test";
		};
		E040ED571E9DD67200ABBF23 /* AlamofireBoxueUITests */ = {
			isa = PBXNativeTarget;
			buildConfigurationList = E040ED671E9DD67200ABBF23 /* Build configuration list for PBXNativeTarget "AlamofireBoxueUITests" */;
			buildPhases = (
				E040ED541E9DD67200ABBF23 /* Sources */,
				E040ED551E9DD67200ABBF23 /* Frameworks */,
				E040ED561E9DD67200ABBF23 /* Resources */,
			);
			buildRules = (
			);
			dependencies = (
				E040ED5A1E9DD67200ABBF23 /* PBXTargetDependency */,
			);
			name = AlamofireBoxueUITests;
			productName = AlamofireBoxueUITests;
			productReference = E040ED581E9DD67200ABBF23 /* AlamofireBoxueUITests.xctest */;
			productType = "com.apple.product-type.bundle.ui-testing";
		};
/* End PBXNativeTarget section */

/* Begin PBXProject section */
		E040ED311E9DD67200ABBF23 /* Project object */ = {
			isa = PBXProject;
			attributes = {
				LastSwiftUpdateCheck = 0830;
				LastUpgradeCheck = 0830;
				ORGANIZATIONNAME = "婉卿容若";
				TargetAttributes = {
					E040ED381E9DD67200ABBF23 = {
						CreatedOnToolsVersion = 8.3.1;
						DevelopmentTeam = UZZG6NM74T;
						ProvisioningStyle = Automatic;
					};
					E040ED4C1E9DD67200ABBF23 = {
						CreatedOnToolsVersion = 8.3.1;
						DevelopmentTeam = UZZG6NM74T;
						ProvisioningStyle = Automatic;
						TestTargetID = E040ED381E9DD67200ABBF23;
					};
					E040ED571E9DD67200ABBF23 = {
						CreatedOnToolsVersion = 8.3.1;
						DevelopmentTeam = UZZG6NM74T;
						ProvisioningStyle = Automatic;
						TestTargetID = E040ED381E9DD67200ABBF23;
					};
				};
			};
			buildConfigurationList = E040ED341E9DD67200ABBF23 /* Build configuration list for PBXProject "AlamofireBoxue" */;
			compatibilityVersion = "Xcode 3.2";
			developmentRegion = English;
			hasScannedForEncodings = 0;
			knownRegions = (
				en,
				Base,
			);
			mainGroup = E040ED301E9DD67200ABBF23;
			productRefGroup = E040ED3A1E9DD67200ABBF23 /* Products */;
			projectDirPath = "";
			projectRoot = "";
			targets = (
				E040ED381E9DD67200ABBF23 /* AlamofireBoxue */,
				E040ED4C1E9DD67200ABBF23 /* AlamofireBoxueTests */,
				E040ED571E9DD67200ABBF23 /* AlamofireBoxueUITests */,
			);
		};
/* End PBXProject section */

/* Begin PBXResourcesBuildPhase section */
		E040ED371E9DD67200ABBF23 /* Resources */ = {
			isa = PBXResourcesBuildPhase;
			buildActionMask = 2147483647;
			files = (
				E040ED471E9DD67200ABBF23 /* LaunchScreen.storyboard in Resources */,
				E040ED441E9DD67200ABBF23 /* Assets.xcassets in Resources */,
				E040ED421E9DD67200ABBF23 /* Main.storyboard in Resources */,
			);
			runOnlyForDeploymentPostprocessing = 0;
		};
		E040ED4B1E9DD67200ABBF23 /* Resources */ = {
			isa = PBXResourcesBuildPhase;
			buildActionMask = 2147483647;
			files = (
			);
			runOnlyForDeploymentPostprocessing = 0;
		};
		E040ED561E9DD67200ABBF23 /* Resources */ = {
			isa = PBXResourcesBuildPhase;
			buildActionMask = 2147483647;
			files = (
			);
			runOnlyForDeploymentPostprocessing = 0;
		};
/* End PBXResourcesBuildPhase section */

/* Begin PBXSourcesBuildPhase section */
		E040ED351E9DD67200ABBF23 /* Sources */ = {
			isa = PBXSourcesBuildPhase;
			buildActionMask = 2147483647;
			files = (
				E040ED3F1E9DD67200ABBF23 /* ViewController.swift in Sources */,
				E040ED3D1E9DD67200ABBF23 /* AppDelegate.swift in Sources */,
			);
			runOnlyForDeploymentPostprocessing = 0;
		};
		E040ED491E9DD67200ABBF23 /* Sources */ = {
			isa = PBXSourcesBuildPhase;
			buildActionMask = 2147483647;
			files = (
				E040ED521E9DD67200ABBF23 /* AlamofireBoxueTests.swift in Sources */,
			);
			runOnlyForDeploymentPostprocessing = 0;
		};
		E040ED541E9DD67200ABBF23 /* Sources */ = {
			isa = PBXSourcesBuildPhase;
			buildActionMask = 2147483647;
			files = (
				E040ED5D1E9DD67200ABBF23 /* AlamofireBoxueUITests.swift in Sources */,
			);
			runOnlyForDeploymentPostprocessing = 0;
		};
/* End PBXSourcesBuildPhase section */

/* Begin PBXTargetDependency section */
		E040ED4F1E9DD67200ABBF23 /* PBXTargetDependency */ = {
			isa = PBXTargetDependency;
			target = E040ED381E9DD67200ABBF23 /* AlamofireBoxue */;
			targetProxy = E040ED4E1E9DD67200ABBF23 /* PBXContainerItemProxy */;
		};
		E040ED5A1E9DD67200ABBF23 /* PBXTargetDependency */ = {
			isa = PBXTargetDependency;
			target = E040ED381E9DD67200ABBF23 /* AlamofireBoxue */;
			targetProxy = E040ED591E9DD67200ABBF23 /* PBXContainerItemProxy */;
		};
/* End PBXTargetDependency section */

/* Begin PBXVariantGroup section */
		E040ED401E9DD67200ABBF23 /* Main.storyboard */ = {
			isa = PBXVariantGroup;
			children = (
				E040ED411E9DD67200ABBF23 /* Base */,
			);
			name = Main.storyboard;
			sourceTree = "<group>";
		};
		E040ED451E9DD67200ABBF23 /* LaunchScreen.storyboard */ = {
			isa = PBXVariantGroup;
			children = (
				E040ED461E9DD67200ABBF23 /* Base */,
			);
			name = LaunchScreen.storyboard;
			sourceTree = "<group>";
		};
/* End PBXVariantGroup section */

/* Begin XCBuildConfiguration section */
		E040ED5F1E9DD67200ABBF23 /* Debug */ = {
			isa = XCBuildConfiguration;
			buildSettings = {
				ALWAYS_SEARCH_USER_PATHS = NO;
				CLANG_ANALYZER_NONNULL = YES;
				CLANG_ANALYZER_NUMBER_OBJECT_CONVERSION = YES_AGGRESSIVE;
				CLANG_CXX_LANGUAGE_STANDARD = "gnu++0x";
				CLANG_CXX_LIBRARY = "libc++";
				CLANG_ENABLE_MODULES = YES;
				CLANG_ENABLE_OBJC_ARC = YES;
				CLANG_WARN_BOOL_CONVERSION = YES;
				CLANG_WARN_CONSTANT_CONVERSION = YES;
				CLANG_WARN_DIRECT_OBJC_ISA_USAGE = YES_ERROR;
				CLANG_WARN_DOCUMENTATION_COMMENTS = YES;
				CLANG_WARN_EMPTY_BODY = YES;
				CLANG_WARN_ENUM_CONVERSION = YES;
				CLANG_WARN_INFINITE_RECURSION = YES;
				CLANG_WARN_INT_CONVERSION = YES;
				CLANG_WARN_OBJC_ROOT_CLASS = YES_ERROR;
				CLANG_WARN_SUSPICIOUS_MOVE = YES;
				CLANG_WARN_UNREACHABLE_CODE = YES;
				CLANG_WARN__DUPLICATE_METHOD_MATCH = YES;
				"CODE_SIGN_IDENTITY[sdk=iphoneos*]" = "iPhone Developer";
				COPY_PHASE_STRIP = NO;
				DEBUG_INFORMATION_FORMAT = dwarf;
				ENABLE_STRICT_OBJC_MSGSEND = YES;
				ENABLE_TESTABILITY = YES;
				GCC_C_LANGUAGE_STANDARD = gnu99;
				GCC_DYNAMIC_NO_PIC = NO;
				GCC_NO_COMMON_BLOCKS = YES;
				GCC_OPTIMIZATION_LEVEL = 0;
				GCC_PREPROCESSOR_DEFINITIONS = (
					"DEBUG=1",
					"$(inherited)",
				);
				GCC_WARN_64_TO_32_BIT_CONVERSION = YES;
				GCC_WARN_ABOUT_RETURN_TYPE = YES_ERROR;
				GCC_WARN_UNDECLARED_SELECTOR = YES;
				GCC_WARN_UNINITIALIZED_AUTOS = YES_AGGRESSIVE;
				GCC_WARN_UNUSED_FUNCTION = YES;
				GCC_WARN_UNUSED_VARIABLE = YES;
				IPHONEOS_DEPLOYMENT_TARGET = 10.3;
				MTL_ENABLE_DEBUG_INFO = YES;
				ONLY_ACTIVE_ARCH = YES;
				SDKROOT = iphoneos;
				SWIFT_ACTIVE_COMPILATION_CONDITIONS = DEBUG;
				SWIFT_OPTIMIZATION_LEVEL = "-Onone";
				TARGETED_DEVICE_FAMILY = "1,2";
			};
			name = Debug;
		};
		E040ED601E9DD67200ABBF23 /* Release */ = {
			isa = XCBuildConfiguration;
			buildSettings = {
				ALWAYS_SEARCH_USER_PATHS = NO;
				CLANG_ANALYZER_NONNULL = YES;
				CLANG_ANALYZER_NUMBER_OBJECT_CONVERSION = YES_AGGRESSIVE;
				CLANG_CXX_LANGUAGE_STANDARD = "gnu++0x";
				CLANG_CXX_LIBRARY = "libc++";
				CLANG_ENABLE_MODULES = YES;
				CLANG_ENABLE_OBJC_ARC = YES;
				CLANG_WARN_BOOL_CONVERSION = YES;
				CLANG_WARN_CONSTANT_CONVERSION = YES;
				CLANG_WARN_DIRECT_OBJC_ISA_USAGE = YES_ERROR;
				CLANG_WARN_DOCUMENTATION_COMMENTS = YES;
				CLANG_WARN_EMPTY_BODY = YES;
				CLANG_WARN_ENUM_CONVERSION = YES;
				CLANG_WARN_INFINITE_RECURSION = YES;
				CLANG_WARN_INT_CONVERSION = YES;
				CLANG_WARN_OBJC_ROOT_CLASS = YES_ERROR;
				CLANG_WARN_SUSPICIOUS_MOVE = YES;
				CLANG_WARN_UNREACHABLE_CODE = YES;
				CLANG_WARN__DUPLICATE_METHOD_MATCH = YES;
				"CODE_SIGN_IDENTITY[sdk=iphoneos*]" = "iPhone Developer";
				COPY_PHASE_STRIP = NO;
				DEBUG_INFORMATION_FORMAT = "dwarf-with-dsym";
				ENABLE_NS_ASSERTIONS = NO;
				ENABLE_STRICT_OBJC_MSGSEND = YES;
				GCC_C_LANGUAGE_STANDARD = gnu99;
				GCC_NO_COMMON_BLOCKS = YES;
				GCC_WARN_64_TO_32_BIT_CONVERSION = YES;
				GCC_WARN_ABOUT_RETURN_TYPE = YES_ERROR;
				GCC_WARN_UNDECLARED_SELECTOR = YES;
				GCC_WARN_UNINITIALIZED_AUTOS = YES_AGGRESSIVE;
				GCC_WARN_UNUSED_FUNCTION = YES;
				GCC_WARN_UNUSED_VARIABLE = YES;
				IPHONEOS_DEPLOYMENT_TARGET = 10.3;
				MTL_ENABLE_DEBUG_INFO = NO;
				SDKROOT = iphoneos;
				SWIFT_OPTIMIZATION_LEVEL = "-Owholemodule";
				TARGETED_DEVICE_FAMILY = "1,2";
				VALIDATE_PRODUCT = YES;
			};
			name = Release;
		};
		E040ED621E9DD67200ABBF23 /* Debug */ = {
			isa = XCBuildConfiguration;
			buildSettings = {
				ASSETCATALOG_COMPILER_APPICON_NAME = AppIcon;
				DEVELOPMENT_TEAM = UZZG6NM74T;
				INFOPLIST_FILE = AlamofireBoxue/Info.plist;
				LD_RUNPATH_SEARCH_PATHS = "$(inherited) @executable_path/Frameworks";
				PRODUCT_BUNDLE_IDENTIFIER = com.ozner.AlamofireBoxue;
				PRODUCT_NAME = "$(TARGET_NAME)";
				SWIFT_VERSION = 3.0;
			};
			name = Debug;
		};
		E040ED631E9DD67200ABBF23 /* Release */ = {
			isa = XCBuildConfiguration;
			buildSettings = {
				ASSETCATALOG_COMPILER_APPICON_NAME = AppIcon;
				DEVELOPMENT_TEAM = UZZG6NM74T;
				INFOPLIST_FILE = AlamofireBoxue/Info.plist;
				LD_RUNPATH_SEARCH_PATHS = "$(inherited) @executable_path/Frameworks";
				PRODUCT_BUNDLE_IDENTIFIER = com.ozner.AlamofireBoxue;
				PRODUCT_NAME = "$(TARGET_NAME)";
				SWIFT_VERSION = 3.0;
			};
			name = Release;
		};
		E040ED651E9DD67200ABBF23 /* Debug */ = {
			isa = XCBuildConfiguration;
			buildSettings = {
				ALWAYS_EMBED_SWIFT_STANDARD_LIBRARIES = YES;
				BUNDLE_LOADER = "$(TEST_HOST)";
				DEVELOPMENT_TEAM = UZZG6NM74T;
				INFOPLIST_FILE = AlamofireBoxueTests/Info.plist;
				LD_RUNPATH_SEARCH_PATHS = "$(inherited) @executable_path/Frameworks @loader_path/Frameworks";
				PRODUCT_BUNDLE_IDENTIFIER = com.ozner.AlamofireBoxueTests;
				PRODUCT_NAME = "$(TARGET_NAME)";
				SWIFT_VERSION = 3.0;
				TEST_HOST = "$(BUILT_PRODUCTS_DIR)/AlamofireBoxue.app/AlamofireBoxue";
			};
			name = Debug;
		};
		E040ED661E9DD67200ABBF23 /* Release */ = {
			isa = XCBuildConfiguration;
			buildSettings = {
				ALWAYS_EMBED_SWIFT_STANDARD_LIBRARIES = YES;
				BUNDLE_LOADER = "$(TEST_HOST)";
				DEVELOPMENT_TEAM = UZZG6NM74T;
				INFOPLIST_FILE = AlamofireBoxueTests/Info.plist;
				LD_RUNPATH_SEARCH_PATHS = "$(inherited) @executable_path/Frameworks @loader_path/Frameworks";
				PRODUCT_BUNDLE_IDENTIFIER = com.ozner.AlamofireBoxueTests;
				PRODUCT_NAME = "$(TARGET_NAME)";
				SWIFT_VERSION = 3.0;
				TEST_HOST = "$(BUILT_PRODUCTS_DIR)/AlamofireBoxue.app/AlamofireBoxue";
			};
			name = Release;
		};
		E040ED681E9DD67200ABBF23 /* Debug */ = {
			isa = XCBuildConfiguration;
			buildSettings = {
				ALWAYS_EMBED_SWIFT_STANDARD_LIBRARIES = YES;
				DEVELOPMENT_TEAM = UZZG6NM74T;
				INFOPLIST_FILE = AlamofireBoxueUITests/Info.plist;
				LD_RUNPATH_SEARCH_PATHS = "$(inherited) @executable_path/Frameworks @loader_path/Frameworks";
				PRODUCT_BUNDLE_IDENTIFIER = com.ozner.AlamofireBoxueUITests;
				PRODUCT_NAME = "$(TARGET_NAME)";
				SWIFT_VERSION = 3.0;
				TEST_TARGET_NAME = AlamofireBoxue;
			};
			name = Debug;
		};
		E040ED691E9DD67200ABBF23 /* Release */ = {
			isa = XCBuildConfiguration;
			buildSettings = {
				ALWAYS_EMBED_SWIFT_STANDARD_LIBRARIES = YES;
				DEVELOPMENT_TEAM = UZZG6NM74T;
				INFOPLIST_FILE = AlamofireBoxueUITests/Info.plist;
				LD_RUNPATH_SEARCH_PATHS = "$(inherited) @executable_path/Frameworks @loader_path/Frameworks";
				PRODUCT_BUNDLE_IDENTIFIER = com.ozner.AlamofireBoxueUITests;
				PRODUCT_NAME = "$(TARGET_NAME)";
				SWIFT_VERSION = 3.0;
				TEST_TARGET_NAME = AlamofireBoxue;
			};
			name = Release;
		};
/* End XCBuildConfiguration section */

/* Begin XCConfigurationList section */
		E040ED341E9DD67200ABBF23 /* Build configuration list for PBXProject "AlamofireBoxue" */ = {
			isa = XCConfigurationList;
			buildConfigurations = (
				E040ED5F1E9DD67200ABBF23 /* Debug */,
				E040ED601E9DD67200ABBF23 /* Release */,
			);
			defaultConfigurationIsVisible = 0;
			defaultConfigurationName = Release;
		};
		E040ED611E9DD67200ABBF23 /* Build configuration list for PBXNativeTarget "AlamofireBoxue" */ = {
			isa = XCConfigurationList;
			buildConfigurations = (
				E040ED621E9DD67200ABBF23 /* Debug */,
				E040ED631E9DD67200ABBF23 /* Release */,
			);
			defaultConfigurationIsVisible = 0;
		};
		E040ED641E9DD67200ABBF23 /* Build configuration list for PBXNativeTarget "AlamofireBoxueTests" */ = {
			isa = XCConfigurationList;
			buildConfigurations = (
				E040ED651E9DD67200ABBF23 /* Debug */,
				E040ED661E9DD67200ABBF23 /* Release */,
			);
			defaultConfigurationIsVisible = 0;
		};
		E040ED671E9DD67200ABBF23 /* Build configuration list for PBXNativeTarget "AlamofireBoxueUITests" */ = {
			isa = XCConfigurationList;
			buildConfigurations = (
				E040ED681E9DD67200ABBF23 /* Debug */,
				E040ED691E9DD67200ABBF23 /* Release */,
			);
			defaultConfigurationIsVisible = 0;
		};
/* End XCConfigurationList section */
	};
	rootObject = E040ED311E9DD67200ABBF23 /* Project object */;
}
